
Microsoft Visual Studio Solution File, Format Version 12.00
# Visual Studio 2012
Project("{FAE04EC0-301F-11D3-BF4B-00C04F79EFBC}") = "BowlingGameKata2", "BowlingGameKata2\BowlingGameKata2.csproj", "{F05C8011-4567-4378-B7DD-093F646CC015}"
EndProject
Project("{FAE04EC0-301F-11D3-BF4B-00C04F79EFBC}") = "BowlingGameKata2UnitTests", "BowlingGameKata2UnitTests\BowlingGameKata2UnitTests.csproj", "{FEFF841F-B209-4876-A05C-85B553312B97}"
EndProject
Global
	GlobalSection(SolutionConfigurationPlatforms) = preSolution
		Debug|Any CPU = Debug|Any CPU
		Release|Any CPU = Release|Any CPU
	EndGlobalSection
	GlobalSection(ProjectConfigurationPlatforms) = postSolution
		{F05C8011-4567-4378-B7DD-093F646CC015}.Debug|Any CPU.ActiveCfg = Debug|Any CPU
		{F05C8011-4567-4378-B7DD-093F646CC015}.Debug|Any CPU.Build.0 = Debug|Any CPU
		{F05C8011-4567-4378-B7DD-093F646CC015}.Release|Any CPU.ActiveCfg = Release|Any CPU
		{F05C8011-4567-4378-B7DD-093F646CC015}.Release|Any CPU.Build.0 = Release|Any CPU
		{FEFF841F-B209-4876-A05C-85B553312B97}.Debug|Any CPU.ActiveCfg = Debug|Any CPU
		{FEFF841F-B209-4876-A05C-85B553312B97}.Debug|Any CPU.Build.0 = Debug|Any CPU
		{FEFF841F-B209-4876-A05C-85B553312B97}.Release|Any CPU.ActiveCfg = Release|Any CPU
		{FEFF841F-B209-4876-A05C-85B553312B97}.Release|Any CPU.Build.0 = Release|Any CPU
	EndGlobalSection
	GlobalSection(SolutionProperties) = preSolution
		HideSolutionNode = FALSE
	EndGlobalSection
EndGlobal
